
Microsoft Visual Studio Solution File, Format Version 12.00
# Visual Studio Version 17
VisualStudioVersion = 17.1.32319.34
MinimumVisualStudioVersion = 10.0.40219.1
Project("{FAE04EC0-301F-11D3-BF4B-00C04F79EFBC}") = "DataGoven", "Entrance\DataGoven.csproj", "{EB424F59-15F5-4BAB-8FED-C1B5D49EBD95}"
EndProject
Project("{2150E333-8FDC-42A3-9474-1A3956D46DE8}") = "Entrance", "Entrance", "{9B49C6E4-1FA2-4646-BE91-660C38862A9E}"
EndProject
Project("{2150E333-8FDC-42A3-9474-1A3956D46DE8}") = "Modules", "Modules", "{2262E9B9-1C45-4A8A-8C6D-9AFA8E8167DC}"
EndProject
Project("{2150E333-8FDC-42A3-9474-1A3956D46DE8}") = "Shared", "Shared", "{8BCC3DD5-44A5-4C97-B530-13304560E720}"
	ProjectSection(SolutionItems) = preProject
		Shared\GlobalAssemblyInfo.cs = Shared\GlobalAssemblyInfo.cs
	EndProjectSection
EndProject
Project("{2150E333-8FDC-42A3-9474-1A3956D46DE8}") = "Library", "Library", "{5D0AC351-6FE4-4FD8-91D4-1720C1AC23BA}"
EndProject
Project("{2150E333-8FDC-42A3-9474-1A3956D46DE8}") = "Common", "Common", "{8AA8F7BE-87DD-4429-ABC2-9E4623C52420}"
EndProject
Project("{FAE04EC0-301F-11D3-BF4B-00C04F79EFBC}") = "SII.Library.Common", "Library\Common\SII.Library.Common\SII.Library.Common.csproj", "{974267B7-EB0E-4495-9BC2-1D246021AF43}"
EndProject
Project("{FAE04EC0-301F-11D3-BF4B-00C04F79EFBC}") = "SII.Office", "Library\Common\SII.Office\SII.Office.csproj", "{D52B9CE3-8D34-4A2A-9823-D9208F846D97}"
EndProject
Project("{FAE04EC0-301F-11D3-BF4B-00C04F79EFBC}") = "TestTool", "Entrance\TestTool\TestTool.csproj", "{F5E455E6-4464-4F0B-8C4B-1F1D8C70AA42}"
EndProject
Project("{9A19103F-16F7-4668-BE54-9A1E7A4F7556}") = "DataOperatorTool", "Entrance\DataOperatorTool\DataOperatorTool.csproj", "{6357C4B7-7820-4D76-9DDB-AD216E83DAEE}"
EndProject
Project("{FAE04EC0-301F-11D3-BF4B-00C04F79EFBC}") = "DataSyncTool", "Entrance\DataSyncTool\DataSyncTool.csproj", "{D47A862B-348E-4FCA-971D-6FD8B5BF6C9A}"
EndProject
Project("{FAE04EC0-301F-11D3-BF4B-00C04F79EFBC}") = "RouteConfigTool", "Entrance\RouteConfigTool\RouteConfigTool.csproj", "{1F686D2A-218E-4ED5-8D79-8DC00BDCCF66}"
EndProject
Project("{2150E333-8FDC-42A3-9474-1A3956D46DE8}") = "Install", "Install", "{C39280CA-8420-4E1F-AE5F-6997F6BD3AB1}"
EndProject
Project("{54435603-DBB4-11D2-8724-00A0C9A8B90C}") = "SetupDataGovenX86", "Install\SetupDataGoven\SetupDataGovenX86.vdproj", "{42AE9393-9808-493E-B0FC-208E99328BED}"
EndProject
Project("{FAE04EC0-301F-11D3-BF4B-00C04F79EFBC}") = "SketchMapTool", "Entrance\SketchMapTool\SketchMapTool.csproj", "{5265533F-69B2-4F8F-B9BA-67A19D1451D4}"
EndProject
Project("{54435603-DBB4-11D2-8724-00A0C9A8B90C}") = "SetupSketchMapTool", "Install\SetupSketchMapTool\SetupSketchMapTool.vdproj", "{A2B07F1E-B494-4669-B38D-0A88E431D312}"
EndProject
Project("{54435603-DBB4-11D2-8724-00A0C9A8B90C}") = "SetupSketchMapToolX64", "Install\SetupSketchMapToolX64\SetupSketchMapToolX64.vdproj", "{B134F0FC-F09D-4F50-942A-45C6F536BEDD}"
EndProject
Project("{FAE04EC0-301F-11D3-BF4B-00C04F79EFBC}") = "SketchMapConsole", "Entrance\SketchMapConsole\SketchMapConsole.csproj", "{AC6921B7-2A9A-4967-B80C-69E04114D60E}"
EndProject
Project("{54435603-DBB4-11D2-8724-00A0C9A8B90C}") = "SetupDataOperatiorX86", "Install\SetupDataOperatiorX86\SetupDataOperatiorX86.vdproj", "{6C9EE5E1-8C07-456C-AC34-EC767F03295E}"
EndProject
Project("{54435603-DBB4-11D2-8724-00A0C9A8B90C}") = "SetupDataGovenX64", "Install\SetupDataGoven\SetupDataGovenX64.vdproj", "{7C35C058-AF0E-4879-B7B3-285E36A201F8}"
EndProject
Project("{9A19103F-16F7-4668-BE54-9A1E7A4F7556}") = "Agro.Module", "Modules\Agro.Module\Agro.Module.csproj", "{C08FDBF1-4EB0-4158-A0A4-A8DE3BAEB04F}"
EndProject
Project("{2150E333-8FDC-42A3-9474-1A3956D46DE8}") = "SkiaSketchMap", "SkiaSketchMap", "{80C8831B-B7CC-4872-A832-D5B475903F2B}"
EndProject
Project("{2150E333-8FDC-42A3-9474-1A3956D46DE8}") = "GIS", "GIS", "{3C018BEB-49CD-4B06-8DB7-72CB9F9E7565}"
EndProject
Project("{9A19103F-16F7-4668-BE54-9A1E7A4F7556}") = "Agro", "SkiaSketchMap\Agro\Agro.csproj", "{E4FCE64F-62E8-472D-8F55-61913B4AE79A}"
EndProject
Project("{9A19103F-16F7-4668-BE54-9A1E7A4F7556}") = "SkiaMap", "SkiaSketchMap\SkiaMap\SkiaMap.csproj", "{89ECEC3E-2FCF-4D03-BAFE-A8C71AEA6418}"
EndProject
Project("{9A19103F-16F7-4668-BE54-9A1E7A4F7556}") = "SketchMapConsole", "SkiaSketchMap\SketchMapConsole\SketchMapConsole.csproj", "{923B0683-4D20-4BF2-9F36-F0D69046FBD5}"
EndProject
Global
	GlobalSection(SolutionConfigurationPlatforms) = preSolution
		Debug|Any CPU = Debug|Any CPU
		Debug|x64 = Debug|x64
		Debug|x86 = Debug|x86
		Release|Any CPU = Release|Any CPU
		Release|x64 = Release|x64
		Release|x86 = Release|x86
		x64Debug|Any CPU = x64Debug|Any CPU
		x64Debug|x64 = x64Debug|x64
		x64Debug|x86 = x64Debug|x86
		x64Release|Any CPU = x64Release|Any CPU
		x64Release|x64 = x64Release|x64
		x64Release|x86 = x64Release|x86
	EndGlobalSection
	GlobalSection(ProjectConfigurationPlatforms) = postSolution
		{EB424F59-15F5-4BAB-8FED-C1B5D49EBD95}.Debug|Any CPU.ActiveCfg = Debug|Any CPU
		{EB424F59-15F5-4BAB-8FED-C1B5D49EBD95}.Debug|Any CPU.Build.0 = Debug|Any CPU
		{EB424F59-15F5-4BAB-8FED-C1B5D49EBD95}.Debug|x64.ActiveCfg = Debug|x64
		{EB424F59-15F5-4BAB-8FED-C1B5D49EBD95}.Debug|x64.Build.0 = Debug|x64
		{EB424F59-15F5-4BAB-8FED-C1B5D49EBD95}.Debug|x86.ActiveCfg = Debug|x86
		{EB424F59-15F5-4BAB-8FED-C1B5D49EBD95}.Debug|x86.Build.0 = Debug|x86
		{EB424F59-15F5-4BAB-8FED-C1B5D49EBD95}.Release|Any CPU.ActiveCfg = Release|Any CPU
		{EB424F59-15F5-4BAB-8FED-C1B5D49EBD95}.Release|Any CPU.Build.0 = Release|Any CPU
		{EB424F59-15F5-4BAB-8FED-C1B5D49EBD95}.Release|x64.ActiveCfg = Release|x64
		{EB424F59-15F5-4BAB-8FED-C1B5D49EBD95}.Release|x64.Build.0 = Release|x64
		{EB424F59-15F5-4BAB-8FED-C1B5D49EBD95}.Release|x86.ActiveCfg = Release|x86
		{EB424F59-15F5-4BAB-8FED-C1B5D49EBD95}.Release|x86.Build.0 = Release|x86
		{EB424F59-15F5-4BAB-8FED-C1B5D49EBD95}.x64Debug|Any CPU.ActiveCfg = x64Debug|Any CPU
		{EB424F59-15F5-4BAB-8FED-C1B5D49EBD95}.x64Debug|Any CPU.Build.0 = x64Debug|Any CPU
		{EB424F59-15F5-4BAB-8FED-C1B5D49EBD95}.x64Debug|x64.ActiveCfg = x64Debug|x64
		{EB424F59-15F5-4BAB-8FED-C1B5D49EBD95}.x64Debug|x64.Build.0 = x64Debug|x64
		{EB424F59-15F5-4BAB-8FED-C1B5D49EBD95}.x64Debug|x86.ActiveCfg = x64Debug|x86
		{EB424F59-15F5-4BAB-8FED-C1B5D49EBD95}.x64Debug|x86.Build.0 = x64Debug|x86
		{EB424F59-15F5-4BAB-8FED-C1B5D49EBD95}.x64Release|Any CPU.ActiveCfg = x64Release|Any CPU
		{EB424F59-15F5-4BAB-8FED-C1B5D49EBD95}.x64Release|Any CPU.Build.0 = x64Release|Any CPU
		{EB424F59-15F5-4BAB-8FED-C1B5D49EBD95}.x64Release|x64.ActiveCfg = x64Release|x64
		{EB424F59-15F5-4BAB-8FED-C1B5D49EBD95}.x64Release|x64.Build.0 = x64Release|x64
		{EB424F59-15F5-4BAB-8FED-C1B5D49EBD95}.x64Release|x86.ActiveCfg = x64Release|x86
		{EB424F59-15F5-4BAB-8FED-C1B5D49EBD95}.x64Release|x86.Build.0 = x64Release|x86
		{974267B7-EB0E-4495-9BC2-1D246021AF43}.Debug|Any CPU.ActiveCfg = Debug|Any CPU
		{974267B7-EB0E-4495-9BC2-1D246021AF43}.Debug|Any CPU.Build.0 = Debug|Any CPU
		{974267B7-EB0E-4495-9BC2-1D246021AF43}.Debug|x64.ActiveCfg = Debug|Any CPU
		{974267B7-EB0E-4495-9BC2-1D246021AF43}.Debug|x64.Build.0 = Debug|Any CPU
		{974267B7-EB0E-4495-9BC2-1D246021AF43}.Debug|x86.ActiveCfg = Debug|x86
		{974267B7-EB0E-4495-9BC2-1D246021AF43}.Debug|x86.Build.0 = Debug|x86
		{974267B7-EB0E-4495-9BC2-1D246021AF43}.Release|Any CPU.ActiveCfg = Release|Any CPU
		{974267B7-EB0E-4495-9BC2-1D246021AF43}.Release|Any CPU.Build.0 = Release|Any CPU
		{974267B7-EB0E-4495-9BC2-1D246021AF43}.Release|x64.ActiveCfg = Release|x64
		{974267B7-EB0E-4495-9BC2-1D246021AF43}.Release|x64.Build.0 = Release|x64
		{974267B7-EB0E-4495-9BC2-1D246021AF43}.Release|x86.ActiveCfg = Release|Any CPU
		{974267B7-EB0E-4495-9BC2-1D246021AF43}.Release|x86.Build.0 = Release|Any CPU
		{974267B7-EB0E-4495-9BC2-1D246021AF43}.x64Debug|Any CPU.ActiveCfg = x64Release|Any CPU
		{974267B7-EB0E-4495-9BC2-1D246021AF43}.x64Debug|Any CPU.Build.0 = x64Release|Any CPU
		{974267B7-EB0E-4495-9BC2-1D246021AF43}.x64Debug|x64.ActiveCfg = x64Release|x64
		{974267B7-EB0E-4495-9BC2-1D246021AF43}.x64Debug|x64.Build.0 = x64Release|x64
		{974267B7-EB0E-4495-9BC2-1D246021AF43}.x64Debug|x86.ActiveCfg = x64Release|x86
		{974267B7-EB0E-4495-9BC2-1D246021AF43}.x64Debug|x86.Build.0 = x64Release|x86
		{974267B7-EB0E-4495-9BC2-1D246021AF43}.x64Release|Any CPU.ActiveCfg = x64Release|Any CPU
		{974267B7-EB0E-4495-9BC2-1D246021AF43}.x64Release|Any CPU.Build.0 = x64Release|Any CPU
		{974267B7-EB0E-4495-9BC2-1D246021AF43}.x64Release|x64.ActiveCfg = x64Release|x64
		{974267B7-EB0E-4495-9BC2-1D246021AF43}.x64Release|x64.Build.0 = x64Release|x64
		{974267B7-EB0E-4495-9BC2-1D246021AF43}.x64Release|x86.ActiveCfg = x64Release|x86
		{974267B7-EB0E-4495-9BC2-1D246021AF43}.x64Release|x86.Build.0 = x64Release|x86
		{D52B9CE3-8D34-4A2A-9823-D9208F846D97}.Debug|Any CPU.ActiveCfg = Debug|Any CPU
		{D52B9CE3-8D34-4A2A-9823-D9208F846D97}.Debug|Any CPU.Build.0 = Debug|Any CPU
		{D52B9CE3-8D34-4A2A-9823-D9208F846D97}.Debug|x64.ActiveCfg = Debug|x64
		{D52B9CE3-8D34-4A2A-9823-D9208F846D97}.Debug|x64.Build.0 = Debug|x64
		{D52B9CE3-8D34-4A2A-9823-D9208F846D97}.Debug|x86.ActiveCfg = Debug|x86
		{D52B9CE3-8D34-4A2A-9823-D9208F846D97}.Debug|x86.Build.0 = Debug|x86
		{D52B9CE3-8D34-4A2A-9823-D9208F846D97}.Release|Any CPU.ActiveCfg = Release|Any CPU
		{D52B9CE3-8D34-4A2A-9823-D9208F846D97}.Release|Any CPU.Build.0 = Release|Any CPU
		{D52B9CE3-8D34-4A2A-9823-D9208F846D97}.Release|x64.ActiveCfg = Release|x64
		{D52B9CE3-8D34-4A2A-9823-D9208F846D97}.Release|x64.Build.0 = Release|x64
		{D52B9CE3-8D34-4A2A-9823-D9208F846D97}.Release|x86.ActiveCfg = Release|Any CPU
		{D52B9CE3-8D34-4A2A-9823-D9208F846D97}.Release|x86.Build.0 = Release|Any CPU
		{D52B9CE3-8D34-4A2A-9823-D9208F846D97}.x64Debug|Any CPU.ActiveCfg = x64Release|Any CPU
		{D52B9CE3-8D34-4A2A-9823-D9208F846D97}.x64Debug|Any CPU.Build.0 = x64Release|Any CPU
		{D52B9CE3-8D34-4A2A-9823-D9208F846D97}.x64Debug|x64.ActiveCfg = x64Release|x64
		{D52B9CE3-8D34-4A2A-9823-D9208F846D97}.x64Debug|x64.Build.0 = x64Release|x64
		{D52B9CE3-8D34-4A2A-9823-D9208F846D97}.x64Debug|x86.ActiveCfg = x64Release|x86
		{D52B9CE3-8D34-4A2A-9823-D9208F846D97}.x64Debug|x86.Build.0 = x64Release|x86
		{D52B9CE3-8D34-4A2A-9823-D9208F846D97}.x64Release|Any CPU.ActiveCfg = x64Release|Any CPU
		{D52B9CE3-8D34-4A2A-9823-D9208F846D97}.x64Release|Any CPU.Build.0 = x64Release|Any CPU
		{D52B9CE3-8D34-4A2A-9823-D9208F846D97}.x64Release|x64.ActiveCfg = x64Release|x64
		{D52B9CE3-8D34-4A2A-9823-D9208F846D97}.x64Release|x64.Build.0 = x64Release|x64
		{D52B9CE3-8D34-4A2A-9823-D9208F846D97}.x64Release|x86.ActiveCfg = x64Release|x86
		{D52B9CE3-8D34-4A2A-9823-D9208F846D97}.x64Release|x86.Build.0 = x64Release|x86
		{F5E455E6-4464-4F0B-8C4B-1F1D8C70AA42}.Debug|Any CPU.ActiveCfg = Debug|Any CPU
		{F5E455E6-4464-4F0B-8C4B-1F1D8C70AA42}.Debug|Any CPU.Build.0 = Debug|Any CPU
		{F5E455E6-4464-4F0B-8C4B-1F1D8C70AA42}.Debug|x64.ActiveCfg = Debug|Any CPU
		{F5E455E6-4464-4F0B-8C4B-1F1D8C70AA42}.Debug|x64.Build.0 = Debug|Any CPU
		{F5E455E6-4464-4F0B-8C4B-1F1D8C70AA42}.Debug|x86.ActiveCfg = Debug|x86
		{F5E455E6-4464-4F0B-8C4B-1F1D8C70AA42}.Debug|x86.Build.0 = Debug|x86
		{F5E455E6-4464-4F0B-8C4B-1F1D8C70AA42}.Release|Any CPU.ActiveCfg = Release|Any CPU
		{F5E455E6-4464-4F0B-8C4B-1F1D8C70AA42}.Release|Any CPU.Build.0 = Release|Any CPU
		{F5E455E6-4464-4F0B-8C4B-1F1D8C70AA42}.Release|x64.ActiveCfg = Release|x64
		{F5E455E6-4464-4F0B-8C4B-1F1D8C70AA42}.Release|x64.Build.0 = Release|x64
		{F5E455E6-4464-4F0B-8C4B-1F1D8C70AA42}.Release|x86.ActiveCfg = Release|Any CPU
		{F5E455E6-4464-4F0B-8C4B-1F1D8C70AA42}.Release|x86.Build.0 = Release|Any CPU
		{F5E455E6-4464-4F0B-8C4B-1F1D8C70AA42}.x64Debug|Any CPU.ActiveCfg = x64Release|Any CPU
		{F5E455E6-4464-4F0B-8C4B-1F1D8C70AA42}.x64Debug|Any CPU.Build.0 = x64Release|Any CPU
		{F5E455E6-4464-4F0B-8C4B-1F1D8C70AA42}.x64Debug|x64.ActiveCfg = x64Release|x64
		{F5E455E6-4464-4F0B-8C4B-1F1D8C70AA42}.x64Debug|x64.Build.0 = x64Release|x64
		{F5E455E6-4464-4F0B-8C4B-1F1D8C70AA42}.x64Debug|x86.ActiveCfg = x64Release|x86
		{F5E455E6-4464-4F0B-8C4B-1F1D8C70AA42}.x64Debug|x86.Build.0 = x64Release|x86
		{F5E455E6-4464-4F0B-8C4B-1F1D8C70AA42}.x64Release|Any CPU.ActiveCfg = x64Release|Any CPU
		{F5E455E6-4464-4F0B-8C4B-1F1D8C70AA42}.x64Release|Any CPU.Build.0 = x64Release|Any CPU
		{F5E455E6-4464-4F0B-8C4B-1F1D8C70AA42}.x64Release|x64.ActiveCfg = x64Release|x64
		{F5E455E6-4464-4F0B-8C4B-1F1D8C70AA42}.x64Release|x64.Build.0 = x64Release|x64
		{F5E455E6-4464-4F0B-8C4B-1F1D8C70AA42}.x64Release|x86.ActiveCfg = x64Release|x86
		{F5E455E6-4464-4F0B-8C4B-1F1D8C70AA42}.x64Release|x86.Build.0 = x64Release|x86
		{6357C4B7-7820-4D76-9DDB-AD216E83DAEE}.Debug|Any CPU.ActiveCfg = Debug|Any CPU
		{6357C4B7-7820-4D76-9DDB-AD216E83DAEE}.Debug|Any CPU.Build.0 = Debug|Any CPU
		{6357C4B7-7820-4D76-9DDB-AD216E83DAEE}.Debug|x64.ActiveCfg = Debug|x64
		{6357C4B7-7820-4D76-9DDB-AD216E83DAEE}.Debug|x64.Build.0 = Debug|x64
		{6357C4B7-7820-4D76-9DDB-AD216E83DAEE}.Debug|x86.ActiveCfg = Debug|x86
		{6357C4B7-7820-4D76-9DDB-AD216E83DAEE}.Debug|x86.Build.0 = Debug|x86
		{6357C4B7-7820-4D76-9DDB-AD216E83DAEE}.Release|Any CPU.ActiveCfg = Release|Any CPU
		{6357C4B7-7820-4D76-9DDB-AD216E83DAEE}.Release|Any CPU.Build.0 = Release|Any CPU
		{6357C4B7-7820-4D76-9DDB-AD216E83DAEE}.Release|x64.ActiveCfg = Release|x64
		{6357C4B7-7820-4D76-9DDB-AD216E83DAEE}.Release|x64.Build.0 = Release|x64
		{6357C4B7-7820-4D76-9DDB-AD216E83DAEE}.Release|x86.ActiveCfg = Release|Any CPU
		{6357C4B7-7820-4D76-9DDB-AD216E83DAEE}.Release|x86.Build.0 = Release|Any CPU
		{6357C4B7-7820-4D76-9DDB-AD216E83DAEE}.x64Debug|Any CPU.ActiveCfg = x64Release|Any CPU
		{6357C4B7-7820-4D76-9DDB-AD216E83DAEE}.x64Debug|Any CPU.Build.0 = x64Release|Any CPU
		{6357C4B7-7820-4D76-9DDB-AD216E83DAEE}.x64Debug|x64.ActiveCfg = x64Release|x64
		{6357C4B7-7820-4D76-9DDB-AD216E83DAEE}.x64Debug|x64.Build.0 = x64Release|x64
		{6357C4B7-7820-4D76-9DDB-AD216E83DAEE}.x64Debug|x86.ActiveCfg = x64Release|x86
		{6357C4B7-7820-4D76-9DDB-AD216E83DAEE}.x64Debug|x86.Build.0 = x64Release|x86
		{6357C4B7-7820-4D76-9DDB-AD216E83DAEE}.x64Release|Any CPU.ActiveCfg = x64Release|Any CPU
		{6357C4B7-7820-4D76-9DDB-AD216E83DAEE}.x64Release|Any CPU.Build.0 = x64Release|Any CPU
		{6357C4B7-7820-4D76-9DDB-AD216E83DAEE}.x64Release|x64.ActiveCfg = x64Release|x64
		{6357C4B7-7820-4D76-9DDB-AD216E83DAEE}.x64Release|x64.Build.0 = x64Release|x64
		{6357C4B7-7820-4D76-9DDB-AD216E83DAEE}.x64Release|x86.ActiveCfg = x64Release|x86
		{6357C4B7-7820-4D76-9DDB-AD216E83DAEE}.x64Release|x86.Build.0 = x64Release|x86
		{D47A862B-348E-4FCA-971D-6FD8B5BF6C9A}.Debug|Any CPU.ActiveCfg = Debug|Any CPU
		{D47A862B-348E-4FCA-971D-6FD8B5BF6C9A}.Debug|Any CPU.Build.0 = Debug|Any CPU
		{D47A862B-348E-4FCA-971D-6FD8B5BF6C9A}.Debug|x64.ActiveCfg = Debug|x64
		{D47A862B-348E-4FCA-971D-6FD8B5BF6C9A}.Debug|x64.Build.0 = Debug|x64
		{D47A862B-348E-4FCA-971D-6FD8B5BF6C9A}.Debug|x86.ActiveCfg = Debug|x86
		{D47A862B-348E-4FCA-971D-6FD8B5BF6C9A}.Debug|x86.Build.0 = Debug|x86
		{D47A862B-348E-4FCA-971D-6FD8B5BF6C9A}.Release|Any CPU.ActiveCfg = Release|Any CPU
		{D47A862B-348E-4FCA-971D-6FD8B5BF6C9A}.Release|Any CPU.Build.0 = Release|Any CPU
		{D47A862B-348E-4FCA-971D-6FD8B5BF6C9A}.Release|x64.ActiveCfg = Release|x64
		{D47A862B-348E-4FCA-971D-6FD8B5BF6C9A}.Release|x64.Build.0 = Release|x64
		{D47A862B-348E-4FCA-971D-6FD8B5BF6C9A}.Release|x86.ActiveCfg = Release|x86
		{D47A862B-348E-4FCA-971D-6FD8B5BF6C9A}.Release|x86.Build.0 = Release|x86
		{D47A862B-348E-4FCA-971D-6FD8B5BF6C9A}.x64Debug|Any CPU.ActiveCfg = x64Release|Any CPU
		{D47A862B-348E-4FCA-971D-6FD8B5BF6C9A}.x64Debug|Any CPU.Build.0 = x64Release|Any CPU
		{D47A862B-348E-4FCA-971D-6FD8B5BF6C9A}.x64Debug|x64.ActiveCfg = x64Release|x64
		{D47A862B-348E-4FCA-971D-6FD8B5BF6C9A}.x64Debug|x64.Build.0 = x64Release|x64
		{D47A862B-348E-4FCA-971D-6FD8B5BF6C9A}.x64Debug|x86.ActiveCfg = x64Release|x86
		{D47A862B-348E-4FCA-971D-6FD8B5BF6C9A}.x64Debug|x86.Build.0 = x64Release|x86
		{D47A862B-348E-4FCA-971D-6FD8B5BF6C9A}.x64Release|Any CPU.ActiveCfg = x64Release|Any CPU
		{D47A862B-348E-4FCA-971D-6FD8B5BF6C9A}.x64Release|Any CPU.Build.0 = x64Release|Any CPU
		{D47A862B-348E-4FCA-971D-6FD8B5BF6C9A}.x64Release|x64.ActiveCfg = x64Release|x64
		{D47A862B-348E-4FCA-971D-6FD8B5BF6C9A}.x64Release|x64.Build.0 = x64Release|x64
		{D47A862B-348E-4FCA-971D-6FD8B5BF6C9A}.x64Release|x86.ActiveCfg = x64Release|x86
		{D47A862B-348E-4FCA-971D-6FD8B5BF6C9A}.x64Release|x86.Build.0 = x64Release|x86
		{1F686D2A-218E-4ED5-8D79-8DC00BDCCF66}.Debug|Any CPU.ActiveCfg = Debug|Any CPU
		{1F686D2A-218E-4ED5-8D79-8DC00BDCCF66}.Debug|Any CPU.Build.0 = Debug|Any CPU
		{1F686D2A-218E-4ED5-8D79-8DC00BDCCF66}.Debug|x64.ActiveCfg = Debug|x64
		{1F686D2A-218E-4ED5-8D79-8DC00BDCCF66}.Debug|x64.Build.0 = Debug|x64
		{1F686D2A-218E-4ED5-8D79-8DC00BDCCF66}.Debug|x86.ActiveCfg = Debug|x86
		{1F686D2A-218E-4ED5-8D79-8DC00BDCCF66}.Debug|x86.Build.0 = Debug|x86
		{1F686D2A-218E-4ED5-8D79-8DC00BDCCF66}.Release|Any CPU.ActiveCfg = Release|Any CPU
		{1F686D2A-218E-4ED5-8D79-8DC00BDCCF66}.Release|Any CPU.Build.0 = Release|Any CPU
		{1F686D2A-218E-4ED5-8D79-8DC00BDCCF66}.Release|x64.ActiveCfg = Release|x64
		{1F686D2A-218E-4ED5-8D79-8DC00BDCCF66}.Release|x64.Build.0 = Release|x64
		{1F686D2A-218E-4ED5-8D79-8DC00BDCCF66}.Release|x86.ActiveCfg = Release|x86
		{1F686D2A-218E-4ED5-8D79-8DC00BDCCF66}.Release|x86.Build.0 = Release|x86
		{1F686D2A-218E-4ED5-8D79-8DC00BDCCF66}.x64Debug|Any CPU.ActiveCfg = x64Release|Any CPU
		{1F686D2A-218E-4ED5-8D79-8DC00BDCCF66}.x64Debug|Any CPU.Build.0 = x64Release|Any CPU
		{1F686D2A-218E-4ED5-8D79-8DC00BDCCF66}.x64Debug|x64.ActiveCfg = x64Release|x64
		{1F686D2A-218E-4ED5-8D79-8DC00BDCCF66}.x64Debug|x64.Build.0 = x64Release|x64
		{1F686D2A-218E-4ED5-8D79-8DC00BDCCF66}.x64Debug|x86.ActiveCfg = x64Release|x86
		{1F686D2A-218E-4ED5-8D79-8DC00BDCCF66}.x64Debug|x86.Build.0 = x64Release|x86
		{1F686D2A-218E-4ED5-8D79-8DC00BDCCF66}.x64Release|Any CPU.ActiveCfg = x64Release|Any CPU
		{1F686D2A-218E-4ED5-8D79-8DC00BDCCF66}.x64Release|Any CPU.Build.0 = x64Release|Any CPU
		{1F686D2A-218E-4ED5-8D79-8DC00BDCCF66}.x64Release|x64.ActiveCfg = x64Release|x64
		{1F686D2A-218E-4ED5-8D79-8DC00BDCCF66}.x64Release|x64.Build.0 = x64Release|x64
		{1F686D2A-218E-4ED5-8D79-8DC00BDCCF66}.x64Release|x86.ActiveCfg = x64Release|x86
		{1F686D2A-218E-4ED5-8D79-8DC00BDCCF66}.x64Release|x86.Build.0 = x64Release|x86
		{42AE9393-9808-493E-B0FC-208E99328BED}.Debug|Any CPU.ActiveCfg = Debug
		{42AE9393-9808-493E-B0FC-208E99328BED}.Debug|Any CPU.Build.0 = Debug
		{42AE9393-9808-493E-B0FC-208E99328BED}.Debug|x64.ActiveCfg = Debug
		{42AE9393-9808-493E-B0FC-208E99328BED}.Debug|x64.Build.0 = Debug
		{42AE9393-9808-493E-B0FC-208E99328BED}.Debug|x86.ActiveCfg = Debug
		{42AE9393-9808-493E-B0FC-208E99328BED}.Debug|x86.Build.0 = Debug
		{42AE9393-9808-493E-B0FC-208E99328BED}.Release|Any CPU.ActiveCfg = Release
		{42AE9393-9808-493E-B0FC-208E99328BED}.Release|Any CPU.Build.0 = Release
		{42AE9393-9808-493E-B0FC-208E99328BED}.Release|x64.ActiveCfg = Release
		{42AE9393-9808-493E-B0FC-208E99328BED}.Release|x64.Build.0 = Release
		{42AE9393-9808-493E-B0FC-208E99328BED}.Release|x86.ActiveCfg = Release
		{42AE9393-9808-493E-B0FC-208E99328BED}.Release|x86.Build.0 = Release
		{42AE9393-9808-493E-B0FC-208E99328BED}.x64Debug|Any CPU.ActiveCfg = Debug
		{42AE9393-9808-493E-B0FC-208E99328BED}.x64Debug|Any CPU.Build.0 = Debug
		{42AE9393-9808-493E-B0FC-208E99328BED}.x64Debug|x64.ActiveCfg = Debug
		{42AE9393-9808-493E-B0FC-208E99328BED}.x64Debug|x64.Build.0 = Debug
		{42AE9393-9808-493E-B0FC-208E99328BED}.x64Debug|x86.ActiveCfg = Debug
		{42AE9393-9808-493E-B0FC-208E99328BED}.x64Debug|x86.Build.0 = Debug
		{42AE9393-9808-493E-B0FC-208E99328BED}.x64Release|Any CPU.ActiveCfg = Release
		{42AE9393-9808-493E-B0FC-208E99328BED}.x64Release|Any CPU.Build.0 = Release
		{42AE9393-9808-493E-B0FC-208E99328BED}.x64Release|x64.ActiveCfg = Release
		{42AE9393-9808-493E-B0FC-208E99328BED}.x64Release|x64.Build.0 = Release
		{42AE9393-9808-493E-B0FC-208E99328BED}.x64Release|x86.ActiveCfg = Release
		{42AE9393-9808-493E-B0FC-208E99328BED}.x64Release|x86.Build.0 = Release
		{5265533F-69B2-4F8F-B9BA-67A19D1451D4}.Debug|Any CPU.ActiveCfg = Debug|Any CPU
		{5265533F-69B2-4F8F-B9BA-67A19D1451D4}.Debug|Any CPU.Build.0 = Debug|Any CPU
		{5265533F-69B2-4F8F-B9BA-67A19D1451D4}.Debug|x64.ActiveCfg = Debug|x64
		{5265533F-69B2-4F8F-B9BA-67A19D1451D4}.Debug|x64.Build.0 = Debug|x64
		{5265533F-69B2-4F8F-B9BA-67A19D1451D4}.Debug|x86.ActiveCfg = Debug|x86
		{5265533F-69B2-4F8F-B9BA-67A19D1451D4}.Debug|x86.Build.0 = Debug|x86
		{5265533F-69B2-4F8F-B9BA-67A19D1451D4}.Release|Any CPU.ActiveCfg = Release|Any CPU
		{5265533F-69B2-4F8F-B9BA-67A19D1451D4}.Release|Any CPU.Build.0 = Release|Any CPU
		{5265533F-69B2-4F8F-B9BA-67A19D1451D4}.Release|x64.ActiveCfg = Release|x64
		{5265533F-69B2-4F8F-B9BA-67A19D1451D4}.Release|x64.Build.0 = Release|x64
		{5265533F-69B2-4F8F-B9BA-67A19D1451D4}.Release|x86.ActiveCfg = Release|x86
		{5265533F-69B2-4F8F-B9BA-67A19D1451D4}.Release|x86.Build.0 = Release|x86
		{5265533F-69B2-4F8F-B9BA-67A19D1451D4}.x64Debug|Any CPU.ActiveCfg = x64Release|Any CPU
		{5265533F-69B2-4F8F-B9BA-67A19D1451D4}.x64Debug|Any CPU.Build.0 = x64Release|Any CPU
		{5265533F-69B2-4F8F-B9BA-67A19D1451D4}.x64Debug|x64.ActiveCfg = x64Release|x64
		{5265533F-69B2-4F8F-B9BA-67A19D1451D4}.x64Debug|x64.Build.0 = x64Release|x64
		{5265533F-69B2-4F8F-B9BA-67A19D1451D4}.x64Debug|x86.ActiveCfg = x64Release|x86
		{5265533F-69B2-4F8F-B9BA-67A19D1451D4}.x64Debug|x86.Build.0 = x64Release|x86
		{5265533F-69B2-4F8F-B9BA-67A19D1451D4}.x64Release|Any CPU.ActiveCfg = x64Release|Any CPU
		{5265533F-69B2-4F8F-B9BA-67A19D1451D4}.x64Release|Any CPU.Build.0 = x64Release|Any CPU
		{5265533F-69B2-4F8F-B9BA-67A19D1451D4}.x64Release|x64.ActiveCfg = x64Release|x64
		{5265533F-69B2-4F8F-B9BA-67A19D1451D4}.x64Release|x64.Build.0 = x64Release|x64
		{5265533F-69B2-4F8F-B9BA-67A19D1451D4}.x64Release|x86.ActiveCfg = x64Release|x86
		{5265533F-69B2-4F8F-B9BA-67A19D1451D4}.x64Release|x86.Build.0 = x64Release|x86
		{A2B07F1E-B494-4669-B38D-0A88E431D312}.Debug|Any CPU.ActiveCfg = Debug
		{A2B07F1E-B494-4669-B38D-0A88E431D312}.Debug|x64.ActiveCfg = Debug
		{A2B07F1E-B494-4669-B38D-0A88E431D312}.Debug|x86.ActiveCfg = Debug
		{A2B07F1E-B494-4669-B38D-0A88E431D312}.Release|Any CPU.ActiveCfg = Release
		{A2B07F1E-B494-4669-B38D-0A88E431D312}.Release|x64.ActiveCfg = Release
		{A2B07F1E-B494-4669-B38D-0A88E431D312}.Release|x86.ActiveCfg = Release
		{A2B07F1E-B494-4669-B38D-0A88E431D312}.x64Debug|Any CPU.ActiveCfg = Debug
		{A2B07F1E-B494-4669-B38D-0A88E431D312}.x64Debug|Any CPU.Build.0 = Debug
		{A2B07F1E-B494-4669-B38D-0A88E431D312}.x64Debug|x64.ActiveCfg = Debug
		{A2B07F1E-B494-4669-B38D-0A88E431D312}.x64Debug|x64.Build.0 = Debug
		{A2B07F1E-B494-4669-B38D-0A88E431D312}.x64Debug|x86.ActiveCfg = Debug
		{A2B07F1E-B494-4669-B38D-0A88E431D312}.x64Debug|x86.Build.0 = Debug
		{A2B07F1E-B494-4669-B38D-0A88E431D312}.x64Release|Any CPU.ActiveCfg = Release
		{A2B07F1E-B494-4669-B38D-0A88E431D312}.x64Release|Any CPU.Build.0 = Release
		{A2B07F1E-B494-4669-B38D-0A88E431D312}.x64Release|x64.ActiveCfg = Release
		{A2B07F1E-B494-4669-B38D-0A88E431D312}.x64Release|x64.Build.0 = Release
		{A2B07F1E-B494-4669-B38D-0A88E431D312}.x64Release|x86.ActiveCfg = Release
		{A2B07F1E-B494-4669-B38D-0A88E431D312}.x64Release|x86.Build.0 = Release
		{B134F0FC-F09D-4F50-942A-45C6F536BEDD}.Debug|Any CPU.ActiveCfg = Debug
		{B134F0FC-F09D-4F50-942A-45C6F536BEDD}.Debug|Any CPU.Build.0 = Debug
		{B134F0FC-F09D-4F50-942A-45C6F536BEDD}.Debug|x64.ActiveCfg = Debug
		{B134F0FC-F09D-4F50-942A-45C6F536BEDD}.Debug|x64.Build.0 = Debug
		{B134F0FC-F09D-4F50-942A-45C6F536BEDD}.Debug|x86.ActiveCfg = Debug
		{B134F0FC-F09D-4F50-942A-45C6F536BEDD}.Debug|x86.Build.0 = Debug
		{B134F0FC-F09D-4F50-942A-45C6F536BEDD}.Release|Any CPU.ActiveCfg = Release
		{B134F0FC-F09D-4F50-942A-45C6F536BEDD}.Release|Any CPU.Build.0 = Release
		{B134F0FC-F09D-4F50-942A-45C6F536BEDD}.Release|x64.ActiveCfg = Release
		{B134F0FC-F09D-4F50-942A-45C6F536BEDD}.Release|x64.Build.0 = Release
		{B134F0FC-F09D-4F50-942A-45C6F536BEDD}.Release|x86.ActiveCfg = Release
		{B134F0FC-F09D-4F50-942A-45C6F536BEDD}.Release|x86.Build.0 = Release
		{B134F0FC-F09D-4F50-942A-45C6F536BEDD}.x64Debug|Any CPU.ActiveCfg = Debug
		{B134F0FC-F09D-4F50-942A-45C6F536BEDD}.x64Debug|Any CPU.Build.0 = Debug
		{B134F0FC-F09D-4F50-942A-45C6F536BEDD}.x64Debug|x64.ActiveCfg = Debug
		{B134F0FC-F09D-4F50-942A-45C6F536BEDD}.x64Debug|x64.Build.0 = Debug
		{B134F0FC-F09D-4F50-942A-45C6F536BEDD}.x64Debug|x86.ActiveCfg = Debug
		{B134F0FC-F09D-4F50-942A-45C6F536BEDD}.x64Debug|x86.Build.0 = Debug
		{B134F0FC-F09D-4F50-942A-45C6F536BEDD}.x64Release|Any CPU.ActiveCfg = Release
		{B134F0FC-F09D-4F50-942A-45C6F536BEDD}.x64Release|Any CPU.Build.0 = Release
		{B134F0FC-F09D-4F50-942A-45C6F536BEDD}.x64Release|x64.ActiveCfg = Release
		{B134F0FC-F09D-4F50-942A-45C6F536BEDD}.x64Release|x64.Build.0 = Release
		{B134F0FC-F09D-4F50-942A-45C6F536BEDD}.x64Release|x86.ActiveCfg = Release
		{B134F0FC-F09D-4F50-942A-45C6F536BEDD}.x64Release|x86.Build.0 = Release
		{AC6921B7-2A9A-4967-B80C-69E04114D60E}.Debug|Any CPU.ActiveCfg = Debug|Any CPU
		{AC6921B7-2A9A-4967-B80C-69E04114D60E}.Debug|Any CPU.Build.0 = Debug|Any CPU
		{AC6921B7-2A9A-4967-B80C-69E04114D60E}.Debug|x64.ActiveCfg = Debug|Any CPU
		{AC6921B7-2A9A-4967-B80C-69E04114D60E}.Debug|x64.Build.0 = Debug|Any CPU
		{AC6921B7-2A9A-4967-B80C-69E04114D60E}.Debug|x86.ActiveCfg = Debug|Any CPU
		{AC6921B7-2A9A-4967-B80C-69E04114D60E}.Debug|x86.Build.0 = Debug|Any CPU
		{AC6921B7-2A9A-4967-B80C-69E04114D60E}.Release|Any CPU.ActiveCfg = Release|Any CPU
		{AC6921B7-2A9A-4967-B80C-69E04114D60E}.Release|Any CPU.Build.0 = Release|Any CPU
		{AC6921B7-2A9A-4967-B80C-69E04114D60E}.Release|x64.ActiveCfg = Release|Any CPU
		{AC6921B7-2A9A-4967-B80C-69E04114D60E}.Release|x64.Build.0 = Release|Any CPU
		{AC6921B7-2A9A-4967-B80C-69E04114D60E}.Release|x86.ActiveCfg = Release|Any CPU
		{AC6921B7-2A9A-4967-B80C-69E04114D60E}.Release|x86.Build.0 = Release|Any CPU
		{AC6921B7-2A9A-4967-B80C-69E04114D60E}.x64Debug|Any CPU.ActiveCfg = Debug|Any CPU
		{AC6921B7-2A9A-4967-B80C-69E04114D60E}.x64Debug|Any CPU.Build.0 = Debug|Any CPU
		{AC6921B7-2A9A-4967-B80C-69E04114D60E}.x64Debug|x64.ActiveCfg = Debug|Any CPU
		{AC6921B7-2A9A-4967-B80C-69E04114D60E}.x64Debug|x64.Build.0 = Debug|Any CPU
		{AC6921B7-2A9A-4967-B80C-69E04114D60E}.x64Debug|x86.ActiveCfg = Debug|Any CPU
		{AC6921B7-2A9A-4967-B80C-69E04114D60E}.x64Debug|x86.Build.0 = Debug|Any CPU
		{AC6921B7-2A9A-4967-B80C-69E04114D60E}.x64Release|Any CPU.ActiveCfg = Release|Any CPU
		{AC6921B7-2A9A-4967-B80C-69E04114D60E}.x64Release|Any CPU.Build.0 = Release|Any CPU
		{AC6921B7-2A9A-4967-B80C-69E04114D60E}.x64Release|x64.ActiveCfg = Release|Any CPU
		{AC6921B7-2A9A-4967-B80C-69E04114D60E}.x64Release|x64.Build.0 = Release|Any CPU
		{AC6921B7-2A9A-4967-B80C-69E04114D60E}.x64Release|x86.ActiveCfg = Release|Any CPU
		{AC6921B7-2A9A-4967-B80C-69E04114D60E}.x64Release|x86.Build.0 = Release|Any CPU
		{6C9EE5E1-8C07-456C-AC34-EC767F03295E}.Debug|Any CPU.ActiveCfg = Debug
		{6C9EE5E1-8C07-456C-AC34-EC767F03295E}.Debug|x64.ActiveCfg = Debug
		{6C9EE5E1-8C07-456C-AC34-EC767F03295E}.Debug|x86.ActiveCfg = Debug
		{6C9EE5E1-8C07-456C-AC34-EC767F03295E}.Release|Any CPU.ActiveCfg = Release
		{6C9EE5E1-8C07-456C-AC34-EC767F03295E}.Release|x64.ActiveCfg = Release
		{6C9EE5E1-8C07-456C-AC34-EC767F03295E}.Release|x86.ActiveCfg = Release
		{6C9EE5E1-8C07-456C-AC34-EC767F03295E}.x64Debug|Any CPU.ActiveCfg = Debug
		{6C9EE5E1-8C07-456C-AC34-EC767F03295E}.x64Debug|Any CPU.Build.0 = Debug
		{6C9EE5E1-8C07-456C-AC34-EC767F03295E}.x64Debug|x64.ActiveCfg = Debug
		{6C9EE5E1-8C07-456C-AC34-EC767F03295E}.x64Debug|x64.Build.0 = Debug
		{6C9EE5E1-8C07-456C-AC34-EC767F03295E}.x64Debug|x86.ActiveCfg = Debug
		{6C9EE5E1-8C07-456C-AC34-EC767F03295E}.x64Debug|x86.Build.0 = Debug
		{6C9EE5E1-8C07-456C-AC34-EC767F03295E}.x64Release|Any CPU.ActiveCfg = Release
		{6C9EE5E1-8C07-456C-AC34-EC767F03295E}.x64Release|Any CPU.Build.0 = Release
		{6C9EE5E1-8C07-456C-AC34-EC767F03295E}.x64Release|x64.ActiveCfg = Release
		{6C9EE5E1-8C07-456C-AC34-EC767F03295E}.x64Release|x64.Build.0 = Release
		{6C9EE5E1-8C07-456C-AC34-EC767F03295E}.x64Release|x86.ActiveCfg = Release
		{6C9EE5E1-8C07-456C-AC34-EC767F03295E}.x64Release|x86.Build.0 = Release
		{7C35C058-AF0E-4879-B7B3-285E36A201F8}.Debug|Any CPU.ActiveCfg = Debug
		{7C35C058-AF0E-4879-B7B3-285E36A201F8}.Debug|Any CPU.Build.0 = Debug
		{7C35C058-AF0E-4879-B7B3-285E36A201F8}.Debug|x64.ActiveCfg = Debug
		{7C35C058-AF0E-4879-B7B3-285E36A201F8}.Debug|x64.Build.0 = Debug
		{7C35C058-AF0E-4879-B7B3-285E36A201F8}.Debug|x86.ActiveCfg = Debug
		{7C35C058-AF0E-4879-B7B3-285E36A201F8}.Debug|x86.Build.0 = Debug
		{7C35C058-AF0E-4879-B7B3-285E36A201F8}.Release|Any CPU.ActiveCfg = Release
		{7C35C058-AF0E-4879-B7B3-285E36A201F8}.Release|Any CPU.Build.0 = Release
		{7C35C058-AF0E-4879-B7B3-285E36A201F8}.Release|x64.ActiveCfg = Release
		{7C35C058-AF0E-4879-B7B3-285E36A201F8}.Release|x64.Build.0 = Release
		{7C35C058-AF0E-4879-B7B3-285E36A201F8}.Release|x86.ActiveCfg = Release
		{7C35C058-AF0E-4879-B7B3-285E36A201F8}.Release|x86.Build.0 = Release
		{7C35C058-AF0E-4879-B7B3-285E36A201F8}.x64Debug|Any CPU.ActiveCfg = Debug
		{7C35C058-AF0E-4879-B7B3-285E36A201F8}.x64Debug|Any CPU.Build.0 = Debug
		{7C35C058-AF0E-4879-B7B3-285E36A201F8}.x64Debug|x64.ActiveCfg = Debug
		{7C35C058-AF0E-4879-B7B3-285E36A201F8}.x64Debug|x64.Build.0 = Debug
		{7C35C058-AF0E-4879-B7B3-285E36A201F8}.x64Debug|x86.ActiveCfg = Debug
		{7C35C058-AF0E-4879-B7B3-285E36A201F8}.x64Debug|x86.Build.0 = Debug
		{7C35C058-AF0E-4879-B7B3-285E36A201F8}.x64Release|Any CPU.ActiveCfg = Release
		{7C35C058-AF0E-4879-B7B3-285E36A201F8}.x64Release|Any CPU.Build.0 = Release
		{7C35C058-AF0E-4879-B7B3-285E36A201F8}.x64Release|x64.ActiveCfg = Release
		{7C35C058-AF0E-4879-B7B3-285E36A201F8}.x64Release|x64.Build.0 = Release
		{7C35C058-AF0E-4879-B7B3-285E36A201F8}.x64Release|x86.ActiveCfg = Release
		{7C35C058-AF0E-4879-B7B3-285E36A201F8}.x64Release|x86.Build.0 = Release
		{C08FDBF1-4EB0-4158-A0A4-A8DE3BAEB04F}.Debug|Any CPU.ActiveCfg = Debug|Any CPU
		{C08FDBF1-4EB0-4158-A0A4-A8DE3BAEB04F}.Debug|Any CPU.Build.0 = Debug|Any CPU
		{C08FDBF1-4EB0-4158-A0A4-A8DE3BAEB04F}.Debug|x64.ActiveCfg = Debug|Any CPU
		{C08FDBF1-4EB0-4158-A0A4-A8DE3BAEB04F}.Debug|x64.Build.0 = Debug|Any CPU
		{C08FDBF1-4EB0-4158-A0A4-A8DE3BAEB04F}.Debug|x86.ActiveCfg = Debug|Any CPU
		{C08FDBF1-4EB0-4158-A0A4-A8DE3BAEB04F}.Debug|x86.Build.0 = Debug|Any CPU
		{C08FDBF1-4EB0-4158-A0A4-A8DE3BAEB04F}.Release|Any CPU.ActiveCfg = Release|Any CPU
		{C08FDBF1-4EB0-4158-A0A4-A8DE3BAEB04F}.Release|Any CPU.Build.0 = Release|Any CPU
		{C08FDBF1-4EB0-4158-A0A4-A8DE3BAEB04F}.Release|x64.ActiveCfg = Release|Any CPU
		{C08FDBF1-4EB0-4158-A0A4-A8DE3BAEB04F}.Release|x64.Build.0 = Release|Any CPU
		{C08FDBF1-4EB0-4158-A0A4-A8DE3BAEB04F}.Release|x86.ActiveCfg = Release|Any CPU
		{C08FDBF1-4EB0-4158-A0A4-A8DE3BAEB04F}.Release|x86.Build.0 = Release|Any CPU
		{C08FDBF1-4EB0-4158-A0A4-A8DE3BAEB04F}.x64Debug|Any CPU.ActiveCfg = Debug|Any CPU
		{C08FDBF1-4EB0-4158-A0A4-A8DE3BAEB04F}.x64Debug|Any CPU.Build.0 = Debug|Any CPU
		{C08FDBF1-4EB0-4158-A0A4-A8DE3BAEB04F}.x64Debug|x64.ActiveCfg = Debug|Any CPU
		{C08FDBF1-4EB0-4158-A0A4-A8DE3BAEB04F}.x64Debug|x64.Build.0 = Debug|Any CPU
		{C08FDBF1-4EB0-4158-A0A4-A8DE3BAEB04F}.x64Debug|x86.ActiveCfg = Debug|Any CPU
		{C08FDBF1-4EB0-4158-A0A4-A8DE3BAEB04F}.x64Debug|x86.Build.0 = Debug|Any CPU
		{C08FDBF1-4EB0-4158-A0A4-A8DE3BAEB04F}.x64Release|Any CPU.ActiveCfg = Release|Any CPU
		{C08FDBF1-4EB0-4158-A0A4-A8DE3BAEB04F}.x64Release|Any CPU.Build.0 = Release|Any CPU
		{C08FDBF1-4EB0-4158-A0A4-A8DE3BAEB04F}.x64Release|x64.ActiveCfg = Release|Any CPU
		{C08FDBF1-4EB0-4158-A0A4-A8DE3BAEB04F}.x64Release|x64.Build.0 = Release|Any CPU
		{C08FDBF1-4EB0-4158-A0A4-A8DE3BAEB04F}.x64Release|x86.ActiveCfg = Release|Any CPU
		{C08FDBF1-4EB0-4158-A0A4-A8DE3BAEB04F}.x64Release|x86.Build.0 = Release|Any CPU
		{E4FCE64F-62E8-472D-8F55-61913B4AE79A}.Debug|Any CPU.ActiveCfg = Debug|Any CPU
		{E4FCE64F-62E8-472D-8F55-61913B4AE79A}.Debug|Any CPU.Build.0 = Debug|Any CPU
		{E4FCE64F-62E8-472D-8F55-61913B4AE79A}.Debug|x64.ActiveCfg = Debug|Any CPU
		{E4FCE64F-62E8-472D-8F55-61913B4AE79A}.Debug|x64.Build.0 = Debug|Any CPU
		{E4FCE64F-62E8-472D-8F55-61913B4AE79A}.Debug|x86.ActiveCfg = Debug|Any CPU
		{E4FCE64F-62E8-472D-8F55-61913B4AE79A}.Debug|x86.Build.0 = Debug|Any CPU
		{E4FCE64F-62E8-472D-8F55-61913B4AE79A}.Release|Any CPU.ActiveCfg = Release|Any CPU
		{E4FCE64F-62E8-472D-8F55-61913B4AE79A}.Release|Any CPU.Build.0 = Release|Any CPU
		{E4FCE64F-62E8-472D-8F55-61913B4AE79A}.Release|x64.ActiveCfg = Release|Any CPU
		{E4FCE64F-62E8-472D-8F55-61913B4AE79A}.Release|x64.Build.0 = Release|Any CPU
		{E4FCE64F-62E8-472D-8F55-61913B4AE79A}.Release|x86.ActiveCfg = Release|Any CPU
		{E4FCE64F-62E8-472D-8F55-61913B4AE79A}.Release|x86.Build.0 = Release|Any CPU
		{E4FCE64F-62E8-472D-8F55-61913B4AE79A}.x64Debug|Any CPU.ActiveCfg = Debug|Any CPU
		{E4FCE64F-62E8-472D-8F55-61913B4AE79A}.x64Debug|Any CPU.Build.0 = Debug|Any CPU
		{E4FCE64F-62E8-472D-8F55-61913B4AE79A}.x64Debug|x64.ActiveCfg = Debug|Any CPU
		{E4FCE64F-62E8-472D-8F55-61913B4AE79A}.x64Debug|x64.Build.0 = Debug|Any CPU
		{E4FCE64F-62E8-472D-8F55-61913B4AE79A}.x64Debug|x86.ActiveCfg = Debug|Any CPU
		{E4FCE64F-62E8-472D-8F55-61913B4AE79A}.x64Debug|x86.Build.0 = Debug|Any CPU
		{E4FCE64F-62E8-472D-8F55-61913B4AE79A}.x64Release|Any CPU.ActiveCfg = Release|Any CPU
		{E4FCE64F-62E8-472D-8F55-61913B4AE79A}.x64Release|Any CPU.Build.0 = Release|Any CPU
		{E4FCE64F-62E8-472D-8F55-61913B4AE79A}.x64Release|x64.ActiveCfg = Release|Any CPU
		{E4FCE64F-62E8-472D-8F55-61913B4AE79A}.x64Release|x64.Build.0 = Release|Any CPU
		{E4FCE64F-62E8-472D-8F55-61913B4AE79A}.x64Release|x86.ActiveCfg = Release|Any CPU
		{E4FCE64F-62E8-472D-8F55-61913B4AE79A}.x64Release|x86.Build.0 = Release|Any CPU
		{89ECEC3E-2FCF-4D03-BAFE-A8C71AEA6418}.Debug|Any CPU.ActiveCfg = Debug|Any CPU
		{89ECEC3E-2FCF-4D03-BAFE-A8C71AEA6418}.Debug|Any CPU.Build.0 = Debug|Any CPU
		{89ECEC3E-2FCF-4D03-BAFE-A8C71AEA6418}.Debug|x64.ActiveCfg = Debug|Any CPU
		{89ECEC3E-2FCF-4D03-BAFE-A8C71AEA6418}.Debug|x64.Build.0 = Debug|Any CPU
		{89ECEC3E-2FCF-4D03-BAFE-A8C71AEA6418}.Debug|x86.ActiveCfg = Debug|Any CPU
		{89ECEC3E-2FCF-4D03-BAFE-A8C71AEA6418}.Debug|x86.Build.0 = Debug|Any CPU
		{89ECEC3E-2FCF-4D03-BAFE-A8C71AEA6418}.Release|Any CPU.ActiveCfg = Release|Any CPU
		{89ECEC3E-2FCF-4D03-BAFE-A8C71AEA6418}.Release|Any CPU.Build.0 = Release|Any CPU
		{89ECEC3E-2FCF-4D03-BAFE-A8C71AEA6418}.Release|x64.ActiveCfg = Release|Any CPU
		{89ECEC3E-2FCF-4D03-BAFE-A8C71AEA6418}.Release|x64.Build.0 = Release|Any CPU
		{89ECEC3E-2FCF-4D03-BAFE-A8C71AEA6418}.Release|x86.ActiveCfg = Release|Any CPU
		{89ECEC3E-2FCF-4D03-BAFE-A8C71AEA6418}.Release|x86.Build.0 = Release|Any CPU
		{89ECEC3E-2FCF-4D03-BAFE-A8C71AEA6418}.x64Debug|Any CPU.ActiveCfg = Debug|Any CPU
		{89ECEC3E-2FCF-4D03-BAFE-A8C71AEA6418}.x64Debug|Any CPU.Build.0 = Debug|Any CPU
		{89ECEC3E-2FCF-4D03-BAFE-A8C71AEA6418}.x64Debug|x64.ActiveCfg = Debug|Any CPU
		{89ECEC3E-2FCF-4D03-BAFE-A8C71AEA6418}.x64Debug|x64.Build.0 = Debug|Any CPU
		{89ECEC3E-2FCF-4D03-BAFE-A8C71AEA6418}.x64Debug|x86.ActiveCfg = Debug|Any CPU
		{89ECEC3E-2FCF-4D03-BAFE-A8C71AEA6418}.x64Debug|x86.Build.0 = Debug|Any CPU
		{89ECEC3E-2FCF-4D03-BAFE-A8C71AEA6418}.x64Release|Any CPU.ActiveCfg = Release|Any CPU
		{89ECEC3E-2FCF-4D03-BAFE-A8C71AEA6418}.x64Release|Any CPU.Build.0 = Release|Any CPU
		{89ECEC3E-2FCF-4D03-BAFE-A8C71AEA6418}.x64Release|x64.ActiveCfg = Release|Any CPU
		{89ECEC3E-2FCF-4D03-BAFE-A8C71AEA6418}.x64Release|x64.Build.0 = Release|Any CPU
		{89ECEC3E-2FCF-4D03-BAFE-A8C71AEA6418}.x64Release|x86.ActiveCfg = Release|Any CPU
		{89ECEC3E-2FCF-4D03-BAFE-A8C71AEA6418}.x64Release|x86.Build.0 = Release|Any CPU
		{923B0683-4D20-4BF2-9F36-F0D69046FBD5}.Debug|Any CPU.ActiveCfg = Debug|Any CPU
		{923B0683-4D20-4BF2-9F36-F0D69046FBD5}.Debug|Any CPU.Build.0 = Debug|Any CPU
		{923B0683-4D20-4BF2-9F36-F0D69046FBD5}.Debug|x64.ActiveCfg = Debug|Any CPU
		{923B0683-4D20-4BF2-9F36-F0D69046FBD5}.Debug|x64.Build.0 = Debug|Any CPU
		{923B0683-4D20-4BF2-9F36-F0D69046FBD5}.Debug|x86.ActiveCfg = Debug|Any CPU
		{923B0683-4D20-4BF2-9F36-F0D69046FBD5}.Debug|x86.Build.0 = Debug|Any CPU
		{923B0683-4D20-4BF2-9F36-F0D69046FBD5}.Release|Any CPU.ActiveCfg = Release|Any CPU
		{923B0683-4D20-4BF2-9F36-F0D69046FBD5}.Release|Any CPU.Build.0 = Release|Any CPU
		{923B0683-4D20-4BF2-9F36-F0D69046FBD5}.Release|x64.ActiveCfg = Release|Any CPU
		{923B0683-4D20-4BF2-9F36-F0D69046FBD5}.Release|x64.Build.0 = Release|Any CPU
		{923B0683-4D20-4BF2-9F36-F0D69046FBD5}.Release|x86.ActiveCfg = Release|Any CPU
		{923B0683-4D20-4BF2-9F36-F0D69046FBD5}.Release|x86.Build.0 = Release|Any CPU
		{923B0683-4D20-4BF2-9F36-F0D69046FBD5}.x64Debug|Any CPU.ActiveCfg = Debug|Any CPU
		{923B0683-4D20-4BF2-9F36-F0D69046FBD5}.x64Debug|Any CPU.Build.0 = Debug|Any CPU
		{923B0683-4D20-4BF2-9F36-F0D69046FBD5}.x64Debug|x64.ActiveCfg = Debug|Any CPU
		{923B0683-4D20-4BF2-9F36-F0D69046FBD5}.x64Debug|x64.Build.0 = Debug|Any CPU
		{923B0683-4D20-4BF2-9F36-F0D69046FBD5}.x64Debug|x86.ActiveCfg = Debug|Any CPU
		{923B0683-4D20-4BF2-9F36-F0D69046FBD5}.x64Debug|x86.Build.0 = Debug|Any CPU
		{923B0683-4D20-4BF2-9F36-F0D69046FBD5}.x64Release|Any CPU.ActiveCfg = Release|Any CPU
		{923B0683-4D20-4BF2-9F36-F0D69046FBD5}.x64Release|Any CPU.Build.0 = Release|Any CPU
		{923B0683-4D20-4BF2-9F36-F0D69046FBD5}.x64Release|x64.ActiveCfg = Release|Any CPU
		{923B0683-4D20-4BF2-9F36-F0D69046FBD5}.x64Release|x64.Build.0 = Release|Any CPU
		{923B0683-4D20-4BF2-9F36-F0D69046FBD5}.x64Release|x86.ActiveCfg = Release|Any CPU
		{923B0683-4D20-4BF2-9F36-F0D69046FBD5}.x64Release|x86.Build.0 = Release|Any CPU
	EndGlobalSection
	GlobalSection(SolutionProperties) = preSolution
		HideSolutionNode = FALSE
	EndGlobalSection
	GlobalSection(NestedProjects) = preSolution
		{EB424F59-15F5-4BAB-8FED-C1B5D49EBD95} = {9B49C6E4-1FA2-4646-BE91-660C38862A9E}
		{8AA8F7BE-87DD-4429-ABC2-9E4623C52420} = {5D0AC351-6FE4-4FD8-91D4-1720C1AC23BA}
		{974267B7-EB0E-4495-9BC2-1D246021AF43} = {8AA8F7BE-87DD-4429-ABC2-9E4623C52420}
		{D52B9CE3-8D34-4A2A-9823-D9208F846D97} = {8AA8F7BE-87DD-4429-ABC2-9E4623C52420}
		{F5E455E6-4464-4F0B-8C4B-1F1D8C70AA42} = {9B49C6E4-1FA2-4646-BE91-660C38862A9E}
		{6357C4B7-7820-4D76-9DDB-AD216E83DAEE} = {9B49C6E4-1FA2-4646-BE91-660C38862A9E}
		{D47A862B-348E-4FCA-971D-6FD8B5BF6C9A} = {9B49C6E4-1FA2-4646-BE91-660C38862A9E}
		{1F686D2A-218E-4ED5-8D79-8DC00BDCCF66} = {9B49C6E4-1FA2-4646-BE91-660C38862A9E}
		{42AE9393-9808-493E-B0FC-208E99328BED} = {C39280CA-8420-4E1F-AE5F-6997F6BD3AB1}
		{5265533F-69B2-4F8F-B9BA-67A19D1451D4} = {9B49C6E4-1FA2-4646-BE91-660C38862A9E}
		{A2B07F1E-B494-4669-B38D-0A88E431D312} = {C39280CA-8420-4E1F-AE5F-6997F6BD3AB1}
		{B134F0FC-F09D-4F50-942A-45C6F536BEDD} = {C39280CA-8420-4E1F-AE5F-6997F6BD3AB1}
		{AC6921B7-2A9A-4967-B80C-69E04114D60E} = {9B49C6E4-1FA2-4646-BE91-660C38862A9E}
		{6C9EE5E1-8C07-456C-AC34-EC767F03295E} = {C39280CA-8420-4E1F-AE5F-6997F6BD3AB1}
		{7C35C058-AF0E-4879-B7B3-285E36A201F8} = {C39280CA-8420-4E1F-AE5F-6997F6BD3AB1}
		{C08FDBF1-4EB0-4158-A0A4-A8DE3BAEB04F} = {2262E9B9-1C45-4A8A-8C6D-9AFA8E8167DC}
		{3C018BEB-49CD-4B06-8DB7-72CB9F9E7565} = {80C8831B-B7CC-4872-A832-D5B475903F2B}
		{E4FCE64F-62E8-472D-8F55-61913B4AE79A} = {3C018BEB-49CD-4B06-8DB7-72CB9F9E7565}
		{89ECEC3E-2FCF-4D03-BAFE-A8C71AEA6418} = {3C018BEB-49CD-4B06-8DB7-72CB9F9E7565}
		{923B0683-4D20-4BF2-9F36-F0D69046FBD5} = {80C8831B-B7CC-4872-A832-D5B475903F2B}
	EndGlobalSection
	GlobalSection(ExtensibilityGlobals) = postSolution
		SolutionGuid = {7BC72F67-6AB5-4891-996D-2B2C4B28C7B5}
	EndGlobalSection
EndGlobal
